
Microsoft Visual Studio Solution File, Format Version 12.00
# Visual Studio Version 17
VisualStudioVersion = 17.0.32126.317
MinimumVisualStudioVersion = 10.0.40219.1
Project("{FAE04EC0-301F-11D3-BF4B-00C04F79EFBC}") = "Entities", "Entities\Entities.csproj", "{DEF94C1A-D10C-44C3-AFDF-EE6A6D46E8D3}"
EndProject
Project("{FAE04EC0-301F-11D3-BF4B-00C04F79EFBC}") = "DataAccess", "DataAccess\DataAccess.csproj", "{D8B3B2E4-9C65-4CCF-9444-991A3806938C}"
EndProject
Project("{FAE04EC0-301F-11D3-BF4B-00C04F79EFBC}") = "Business", "Business\Business.csproj", "{9C5D9C03-92A6-49FA-A185-0DB2B5F62DC9}"
EndProject
Project("{FAE04EC0-301F-11D3-BF4B-00C04F79EFBC}") = "Core", "Core\Core.csproj", "{B5EAB27E-97B0-4C99-95EB-91B378CE8A2D}"
EndProject
Project("{FAE04EC0-301F-11D3-BF4B-00C04F79EFBC}") = "WebAPI", "WebAPI\WebAPI.csproj", "{26BEF243-5A80-493C-8C95-05E14AF2730D}"
EndProject
Global
	GlobalSection(SolutionConfigurationPlatforms) = preSolution
		Debug|Any CPU = Debug|Any CPU
		Release|Any CPU = Release|Any CPU
	EndGlobalSection
	GlobalSection(ProjectConfigurationPlatforms) = postSolution
		{DEF94C1A-D10C-44C3-AFDF-EE6A6D46E8D3}.Debug|Any CPU.ActiveCfg = Debug|Any CPU
		{DEF94C1A-D10C-44C3-AFDF-EE6A6D46E8D3}.Debug|Any CPU.Build.0 = Debug|Any CPU
		{DEF94C1A-D10C-44C3-AFDF-EE6A6D46E8D3}.Release|Any CPU.ActiveCfg = Release|Any CPU
		{DEF94C1A-D10C-44C3-AFDF-EE6A6D46E8D3}.Release|Any CPU.Build.0 = Release|Any CPU
		{D8B3B2E4-9C65-4CCF-9444-991A3806938C}.Debug|Any CPU.ActiveCfg = Debug|Any CPU
		{D8B3B2E4-9C65-4CCF-9444-991A3806938C}.Debug|Any CPU.Build.0 = Debug|Any CPU
		{D8B3B2E4-9C65-4CCF-9444-991A3806938C}.Release|Any CPU.ActiveCfg = Release|Any CPU
		{D8B3B2E4-9C65-4CCF-9444-991A3806938C}.Release|Any CPU.Build.0 = Release|Any CPU
		{9C5D9C03-92A6-49FA-A185-0DB2B5F62DC9}.Debug|Any CPU.ActiveCfg = Debug|Any CPU
		{9C5D9C03-92A6-49FA-A185-0DB2B5F62DC9}.Debug|Any CPU.Build.0 = Debug|Any CPU
		{9C5D9C03-92A6-49FA-A185-0DB2B5F62DC9}.Release|Any CPU.ActiveCfg = Release|Any CPU
		{9C5D9C03-92A6-49FA-A185-0DB2B5F62DC9}.Release|Any CPU.Build.0 = Release|Any CPU
		{B5EAB27E-97B0-4C99-95EB-91B378CE8A2D}.Debug|Any CPU.ActiveCfg = Debug|Any CPU
		{B5EAB27E-97B0-4C99-95EB-91B378CE8A2D}.Debug|Any CPU.Build.0 = Debug|Any CPU
		{B5EAB27E-97B0-4C99-95EB-91B378CE8A2D}.Release|Any CPU.ActiveCfg = Release|Any CPU
		{B5EAB27E-97B0-4C99-95EB-91B378CE8A2D}.Release|Any CPU.Build.0 = Release|Any CPU
		{26BEF243-5A80-493C-8C95-05E14AF2730D}.Debug|Any CPU.ActiveCfg = Debug|Any CPU
		{26BEF243-5A80-493C-8C95-05E14AF2730D}.Debug|Any CPU.Build.0 = Debug|Any CPU
		{26BEF243-5A80-493C-8C95-05E14AF2730D}.Release|Any CPU.ActiveCfg = Release|Any CPU
		{26BEF243-5A80-493C-8C95-05E14AF2730D}.Release|Any CPU.Build.0 = Release|Any CPU
	EndGlobalSection
	GlobalSection(SolutionProperties) = preSolution
		HideSolutionNode = FALSE
	EndGlobalSection
	GlobalSection(ExtensibilityGlobals) = postSolution
		SolutionGuid = {2C2BE49A-9B37-4B1C-82F1-CCAD41F4C07A}
	EndGlobalSection
EndGlobal
